
Microsoft Visual Studio Solution File, Format Version 12.00
# Visual Studio Version 17
VisualStudioVersion = 17.4.33213.308
MinimumVisualStudioVersion = 10.0.40219.1
Project("{FAE04EC0-301F-11D3-BF4B-00C04F79EFBC}") = "ISP", "ISP.csproj", "{A5E396E3-227B-4664-A0F6-28B1FDC7480A}"
EndProject
Global
	GlobalSection(SolutionConfigurationPlatforms) = preSolution
		Debug|Any CPU = Debug|Any CPU
		Release|Any CPU = Release|Any CPU
	EndGlobalSection
	GlobalSection(ProjectConfigurationPlatforms) = postSolution
		{A5E396E3-227B-4664-A0F6-28B1FDC7480A}.Debug|Any CPU.ActiveCfg = Debug|Any CPU
		{A5E396E3-227B-4664-A0F6-28B1FDC7480A}.Debug|Any CPU.Build.0 = Debug|Any CPU
		{A5E396E3-227B-4664-A0F6-28B1FDC7480A}.Release|Any CPU.ActiveCfg = Release|Any CPU
		{A5E396E3-227B-4664-A0F6-28B1FDC7480A}.Release|Any CPU.Build.0 = Release|Any CPU
	EndGlobalSection
	GlobalSection(SolutionProperties) = preSolution
		HideSolutionNode = FALSE
	EndGlobalSection
	GlobalSection(ExtensibilityGlobals) = postSolution
		SolutionGuid = {752B8CC5-1481-4855-9F73-FB69CC423B83}
	EndGlobalSection
EndGlobal
